
Microsoft Visual Studio Solution File, Format Version 12.00
# Visual Studio Version 16
VisualStudioVersion = 16.0.30907.101
MinimumVisualStudioVersion = 10.0.40219.1
Project("{FAE04EC0-301F-11D3-BF4B-00C04F79EFBC}") = "ConsoleApp2", "ConsoleApp2.csproj", "{DEEBF14A-E727-4037-A051-D20929D96846}"
EndProject
Global
	GlobalSection(SolutionConfigurationPlatforms) = preSolution
		Debug|Any CPU = Debug|Any CPU
		Release|Any CPU = Release|Any CPU
	EndGlobalSection
	GlobalSection(ProjectConfigurationPlatforms) = postSolution
		{DEEBF14A-E727-4037-A051-D20929D96846}.Debug|Any CPU.ActiveCfg = Debug|Any CPU
		{DEEBF14A-E727-4037-A051-D20929D96846}.Debug|Any CPU.Build.0 = Debug|Any CPU
		{DEEBF14A-E727-4037-A051-D20929D96846}.Release|Any CPU.ActiveCfg = Release|Any CPU
		{DEEBF14A-E727-4037-A051-D20929D96846}.Release|Any CPU.Build.0 = Release|Any CPU
	EndGlobalSection
	GlobalSection(SolutionProperties) = preSolution
		HideSolutionNode = FALSE
	EndGlobalSection
	GlobalSection(ExtensibilityGlobals) = postSolution
		SolutionGuid = {7CF04E31-5CAD-48B0-AA18-AAF910D21E8B}
	EndGlobalSection
EndGlobal
